
Microsoft Visual Studio Solution File, Format Version 12.00
# Visual Studio Version 17
VisualStudioVersion = 17.3.32819.101
MinimumVisualStudioVersion = 10.0.40219.1
Project("{9A19103F-16F7-4668-BE54-9A1E7A4F7556}") = "PowerLifting.Service", "PowerLifting.Service\PowerLifting.Service.csproj", "{19705DEA-8C82-480B-A060-A02E56595E2A}"
EndProject
Project("{00D1A9C2-B5F0-4AF3-8072-F6C62B433612}") = "PowerLifting.Database", "PowerLifting.Database\PowerLifting.Database.sqlproj", "{7535DB73-CD75-489C-96BA-66ECE7425198}"
EndProject
Project("{FAE04EC0-301F-11D3-BF4B-00C04F79EFBC}") = "PowerLifting.Infrastructure", "PowerLifting.Infrastructure\PowerLifting.Infrastructure.csproj", "{835ACBDC-FDE4-46E2-9476-2DB8723FD95B}"
EndProject
Project("{FAE04EC0-301F-11D3-BF4B-00C04F79EFBC}") = "PowerLifting.Domain", "PowerLifting.Domain\PowerLifting.Domain.csproj", "{46AF3744-3713-4F22-9164-4D41186ACFDF}"
EndProject
Project("{FAE04EC0-301F-11D3-BF4B-00C04F79EFBC}") = "PowerLifting.Application", "PowerLifting.Application\PowerLifting.Application.csproj", "{2263BC79-4D24-448D-8F07-5508535C8EA8}"
EndProject
Global
	GlobalSection(SolutionConfigurationPlatforms) = preSolution
		Debug|Any CPU = Debug|Any CPU
		Release|Any CPU = Release|Any CPU
	EndGlobalSection
	GlobalSection(ProjectConfigurationPlatforms) = postSolution
		{19705DEA-8C82-480B-A060-A02E56595E2A}.Debug|Any CPU.ActiveCfg = Debug|Any CPU
		{19705DEA-8C82-480B-A060-A02E56595E2A}.Debug|Any CPU.Build.0 = Debug|Any CPU
		{19705DEA-8C82-480B-A060-A02E56595E2A}.Release|Any CPU.ActiveCfg = Release|Any CPU
		{19705DEA-8C82-480B-A060-A02E56595E2A}.Release|Any CPU.Build.0 = Release|Any CPU
		{7535DB73-CD75-489C-96BA-66ECE7425198}.Debug|Any CPU.ActiveCfg = Debug|Any CPU
		{7535DB73-CD75-489C-96BA-66ECE7425198}.Debug|Any CPU.Build.0 = Debug|Any CPU
		{7535DB73-CD75-489C-96BA-66ECE7425198}.Debug|Any CPU.Deploy.0 = Debug|Any CPU
		{7535DB73-CD75-489C-96BA-66ECE7425198}.Release|Any CPU.ActiveCfg = Release|Any CPU
		{7535DB73-CD75-489C-96BA-66ECE7425198}.Release|Any CPU.Build.0 = Release|Any CPU
		{7535DB73-CD75-489C-96BA-66ECE7425198}.Release|Any CPU.Deploy.0 = Release|Any CPU
		{835ACBDC-FDE4-46E2-9476-2DB8723FD95B}.Debug|Any CPU.ActiveCfg = Debug|Any CPU
		{835ACBDC-FDE4-46E2-9476-2DB8723FD95B}.Debug|Any CPU.Build.0 = Debug|Any CPU
		{835ACBDC-FDE4-46E2-9476-2DB8723FD95B}.Release|Any CPU.ActiveCfg = Release|Any CPU
		{835ACBDC-FDE4-46E2-9476-2DB8723FD95B}.Release|Any CPU.Build.0 = Release|Any CPU
		{46AF3744-3713-4F22-9164-4D41186ACFDF}.Debug|Any CPU.ActiveCfg = Debug|Any CPU
		{46AF3744-3713-4F22-9164-4D41186ACFDF}.Debug|Any CPU.Build.0 = Debug|Any CPU
		{46AF3744-3713-4F22-9164-4D41186ACFDF}.Release|Any CPU.ActiveCfg = Release|Any CPU
		{46AF3744-3713-4F22-9164-4D41186ACFDF}.Release|Any CPU.Build.0 = Release|Any CPU
		{2263BC79-4D24-448D-8F07-5508535C8EA8}.Debug|Any CPU.ActiveCfg = Debug|Any CPU
		{2263BC79-4D24-448D-8F07-5508535C8EA8}.Debug|Any CPU.Build.0 = Debug|Any CPU
		{2263BC79-4D24-448D-8F07-5508535C8EA8}.Release|Any CPU.ActiveCfg = Release|Any CPU
		{2263BC79-4D24-448D-8F07-5508535C8EA8}.Release|Any CPU.Build.0 = Release|Any CPU
	EndGlobalSection
	GlobalSection(SolutionProperties) = preSolution
		HideSolutionNode = FALSE
	EndGlobalSection
	GlobalSection(ExtensibilityGlobals) = postSolution
		SolutionGuid = {491FA4CA-8598-4C7A-B3D8-3D1259479374}
	EndGlobalSection
EndGlobal
