
Microsoft Visual Studio Solution File, Format Version 12.00
# Visual Studio Version 17
VisualStudioVersion = 17.3.32819.101
MinimumVisualStudioVersion = 10.0.40219.1
Project("{FAE04EC0-301F-11D3-BF4B-00C04F79EFBC}") = "PowerLifting", "PowerLifting\PowerLifting.csproj", "{F36E2F76-AC6C-495F-BBC5-CDBBE71F7C81}"
EndProject
Global
	GlobalSection(SolutionConfigurationPlatforms) = preSolution
		Debug|Any CPU = Debug|Any CPU
		Release|Any CPU = Release|Any CPU
	EndGlobalSection
	GlobalSection(ProjectConfigurationPlatforms) = postSolution
		{F36E2F76-AC6C-495F-BBC5-CDBBE71F7C81}.Debug|Any CPU.ActiveCfg = Debug|Any CPU
		{F36E2F76-AC6C-495F-BBC5-CDBBE71F7C81}.Debug|Any CPU.Build.0 = Debug|Any CPU
		{F36E2F76-AC6C-495F-BBC5-CDBBE71F7C81}.Release|Any CPU.ActiveCfg = Release|Any CPU
		{F36E2F76-AC6C-495F-BBC5-CDBBE71F7C81}.Release|Any CPU.Build.0 = Release|Any CPU
	EndGlobalSection
	GlobalSection(SolutionProperties) = preSolution
		HideSolutionNode = FALSE
	EndGlobalSection
	GlobalSection(ExtensibilityGlobals) = postSolution
		SolutionGuid = {75C3C697-03FD-4A43-B5F0-66B338E2B22A}
	EndGlobalSection
EndGlobal
