
Microsoft Visual Studio Solution File, Format Version 12.00
# Visual Studio Version 17
VisualStudioVersion = 17.3.32819.101
MinimumVisualStudioVersion = 10.0.40219.1
Project("{9A19103F-16F7-4668-BE54-9A1E7A4F7556}") = "SportAssistant.Service", "SportAssistant.Service\SportAssistant.Service.csproj", "{19705DEA-8C82-480B-A060-A02E56595E2A}"
EndProject
Project("{00D1A9C2-B5F0-4AF3-8072-F6C62B433612}") = "SportAssistant.Database", "SportAssistant.Database\SportAssistant.Database.sqlproj", "{7535DB73-CD75-489C-96BA-66ECE7425198}"
EndProject
Project("{9A19103F-16F7-4668-BE54-9A1E7A4F7556}") = "SportAssistant.Infrastructure", "SportAssistant.Infrastructure\SportAssistant.Infrastructure.csproj", "{835ACBDC-FDE4-46E2-9476-2DB8723FD95B}"
EndProject
Project("{9A19103F-16F7-4668-BE54-9A1E7A4F7556}") = "SportAssistant.Domain", "SportAssistant.Domain\SportAssistant.Domain.csproj", "{46AF3744-3713-4F22-9164-4D41186ACFDF}"
EndProject
Project("{9A19103F-16F7-4668-BE54-9A1E7A4F7556}") = "SportAssistant.Application", "SportAssistant.Application\SportAssistant.Application.csproj", "{2263BC79-4D24-448D-8F07-5508535C8EA8}"
EndProject
Project("{2150E333-8FDC-42A3-9474-1A3956D46DE8}") = "Tests", "Tests", "{07343706-46DD-4977-AD7F-B011210697BF}"
EndProject
Project("{2150E333-8FDC-42A3-9474-1A3956D46DE8}") = "Integration", "Integration", "{EC096554-8C97-4402-9069-58C56C4819A1}"
EndProject
Project("{9A19103F-16F7-4668-BE54-9A1E7A4F7556}") = "TestFramework", "Tests\Integration\TestFramework\TestFramework.csproj", "{4469CA1B-8701-4399-9A17-5374262C18C3}"
EndProject
Project("{FAE04EC0-301F-11D3-BF4B-00C04F79EFBC}") = "TestsBackend", "Tests\Integration\TestsBackend\TestsBackend.csproj", "{23F8E37B-0128-40B4-81C4-DA4959FACBA6}"
EndProject
Global
	GlobalSection(SolutionConfigurationPlatforms) = preSolution
		Debug|Any CPU = Debug|Any CPU
		Release|Any CPU = Release|Any CPU
	EndGlobalSection
	GlobalSection(ProjectConfigurationPlatforms) = postSolution
		{19705DEA-8C82-480B-A060-A02E56595E2A}.Debug|Any CPU.ActiveCfg = Debug|Any CPU
		{19705DEA-8C82-480B-A060-A02E56595E2A}.Debug|Any CPU.Build.0 = Debug|Any CPU
		{19705DEA-8C82-480B-A060-A02E56595E2A}.Release|Any CPU.ActiveCfg = Release|Any CPU
		{19705DEA-8C82-480B-A060-A02E56595E2A}.Release|Any CPU.Build.0 = Release|Any CPU
		{7535DB73-CD75-489C-96BA-66ECE7425198}.Debug|Any CPU.ActiveCfg = Debug|Any CPU
		{7535DB73-CD75-489C-96BA-66ECE7425198}.Debug|Any CPU.Build.0 = Debug|Any CPU
		{7535DB73-CD75-489C-96BA-66ECE7425198}.Debug|Any CPU.Deploy.0 = Debug|Any CPU
		{7535DB73-CD75-489C-96BA-66ECE7425198}.Release|Any CPU.ActiveCfg = Release|Any CPU
		{7535DB73-CD75-489C-96BA-66ECE7425198}.Release|Any CPU.Build.0 = Release|Any CPU
		{7535DB73-CD75-489C-96BA-66ECE7425198}.Release|Any CPU.Deploy.0 = Release|Any CPU
		{835ACBDC-FDE4-46E2-9476-2DB8723FD95B}.Debug|Any CPU.ActiveCfg = Debug|Any CPU
		{835ACBDC-FDE4-46E2-9476-2DB8723FD95B}.Debug|Any CPU.Build.0 = Debug|Any CPU
		{835ACBDC-FDE4-46E2-9476-2DB8723FD95B}.Release|Any CPU.ActiveCfg = Release|Any CPU
		{835ACBDC-FDE4-46E2-9476-2DB8723FD95B}.Release|Any CPU.Build.0 = Release|Any CPU
		{46AF3744-3713-4F22-9164-4D41186ACFDF}.Debug|Any CPU.ActiveCfg = Debug|Any CPU
		{46AF3744-3713-4F22-9164-4D41186ACFDF}.Debug|Any CPU.Build.0 = Debug|Any CPU
		{46AF3744-3713-4F22-9164-4D41186ACFDF}.Release|Any CPU.ActiveCfg = Release|Any CPU
		{46AF3744-3713-4F22-9164-4D41186ACFDF}.Release|Any CPU.Build.0 = Release|Any CPU
		{2263BC79-4D24-448D-8F07-5508535C8EA8}.Debug|Any CPU.ActiveCfg = Debug|Any CPU
		{2263BC79-4D24-448D-8F07-5508535C8EA8}.Debug|Any CPU.Build.0 = Debug|Any CPU
		{2263BC79-4D24-448D-8F07-5508535C8EA8}.Release|Any CPU.ActiveCfg = Release|Any CPU
		{2263BC79-4D24-448D-8F07-5508535C8EA8}.Release|Any CPU.Build.0 = Release|Any CPU
		{4469CA1B-8701-4399-9A17-5374262C18C3}.Debug|Any CPU.ActiveCfg = Debug|Any CPU
		{4469CA1B-8701-4399-9A17-5374262C18C3}.Debug|Any CPU.Build.0 = Debug|Any CPU
		{4469CA1B-8701-4399-9A17-5374262C18C3}.Release|Any CPU.ActiveCfg = Release|Any CPU
		{4469CA1B-8701-4399-9A17-5374262C18C3}.Release|Any CPU.Build.0 = Release|Any CPU
		{23F8E37B-0128-40B4-81C4-DA4959FACBA6}.Debug|Any CPU.ActiveCfg = Debug|Any CPU
		{23F8E37B-0128-40B4-81C4-DA4959FACBA6}.Debug|Any CPU.Build.0 = Debug|Any CPU
		{23F8E37B-0128-40B4-81C4-DA4959FACBA6}.Release|Any CPU.ActiveCfg = Release|Any CPU
		{23F8E37B-0128-40B4-81C4-DA4959FACBA6}.Release|Any CPU.Build.0 = Release|Any CPU
	EndGlobalSection
	GlobalSection(SolutionProperties) = preSolution
		HideSolutionNode = FALSE
	EndGlobalSection
	GlobalSection(NestedProjects) = preSolution
		{EC096554-8C97-4402-9069-58C56C4819A1} = {07343706-46DD-4977-AD7F-B011210697BF}
		{4469CA1B-8701-4399-9A17-5374262C18C3} = {EC096554-8C97-4402-9069-58C56C4819A1}
		{23F8E37B-0128-40B4-81C4-DA4959FACBA6} = {EC096554-8C97-4402-9069-58C56C4819A1}
	EndGlobalSection
	GlobalSection(ExtensibilityGlobals) = postSolution
		SolutionGuid = {491FA4CA-8598-4C7A-B3D8-3D1259479374}
	EndGlobalSection
EndGlobal
